
Microsoft Visual Studio Solution File, Format Version 12.00
# Visual Studio Version 17
VisualStudioVersion = 17.13.35825.156 d17.13
MinimumVisualStudioVersion = 10.0.40219.1
Project("{FAE04EC0-301F-11D3-BF4B-00C04F79EFBC}") = "StudentGradeApplication", "StudentGradeApplication\StudentGradeApplication.csproj", "{30B0E04F-4526-46EF-88B2-6BF93A843E65}"
EndProject
Global
	GlobalSection(SolutionConfigurationPlatforms) = preSolution
		Debug|Any CPU = Debug|Any CPU
		Release|Any CPU = Release|Any CPU
	EndGlobalSection
	GlobalSection(ProjectConfigurationPlatforms) = postSolution
		{30B0E04F-4526-46EF-88B2-6BF93A843E65}.Debug|Any CPU.ActiveCfg = Debug|Any CPU
		{30B0E04F-4526-46EF-88B2-6BF93A843E65}.Debug|Any CPU.Build.0 = Debug|Any CPU
		{30B0E04F-4526-46EF-88B2-6BF93A843E65}.Release|Any CPU.ActiveCfg = Release|Any CPU
		{30B0E04F-4526-46EF-88B2-6BF93A843E65}.Release|Any CPU.Build.0 = Release|Any CPU
	EndGlobalSection
	GlobalSection(SolutionProperties) = preSolution
		HideSolutionNode = FALSE
	EndGlobalSection
	GlobalSection(ExtensibilityGlobals) = postSolution
		SolutionGuid = {0F28C98A-682C-4DC7-B611-E4B93B2B2A91}
	EndGlobalSection
EndGlobal
